
Microsoft Visual Studio Solution File, Format Version 12.00
# Visual Studio 2012
Project("{FAE04EC0-301F-11D3-BF4B-00C04F79EFBC}") = "StacMan", "StacMan\StacMan.csproj", "{3C310AC6-6229-41FB-B33F-8381CF4FECBF}"
EndProject
Project("{FAE04EC0-301F-11D3-BF4B-00C04F79EFBC}") = "StacMan.Tests", "StacMan.Tests\StacMan.Tests.csproj", "{5FBD3A5B-93AE-43B7-9566-C7D08A71C8E9}"
EndProject
Global
	GlobalSection(TestCaseManagementSettings) = postSolution
		CategoryFile = StacMan.vsmdi
	EndGlobalSection
	GlobalSection(SolutionConfigurationPlatforms) = preSolution
		Debug|Any CPU = Debug|Any CPU
		Release|Any CPU = Release|Any CPU
	EndGlobalSection
	GlobalSection(ProjectConfigurationPlatforms) = postSolution
		{3C310AC6-6229-41FB-B33F-8381CF4FECBF}.Debug|Any CPU.ActiveCfg = Debug|Any CPU
		{3C310AC6-6229-41FB-B33F-8381CF4FECBF}.Debug|Any CPU.Build.0 = Debug|Any CPU
		{3C310AC6-6229-41FB-B33F-8381CF4FECBF}.Release|Any CPU.ActiveCfg = Release|Any CPU
		{3C310AC6-6229-41FB-B33F-8381CF4FECBF}.Release|Any CPU.Build.0 = Release|Any CPU
		{5FBD3A5B-93AE-43B7-9566-C7D08A71C8E9}.Debug|Any CPU.ActiveCfg = Debug|Any CPU
		{5FBD3A5B-93AE-43B7-9566-C7D08A71C8E9}.Debug|Any CPU.Build.0 = Debug|Any CPU
		{5FBD3A5B-93AE-43B7-9566-C7D08A71C8E9}.Release|Any CPU.ActiveCfg = Release|Any CPU
		{5FBD3A5B-93AE-43B7-9566-C7D08A71C8E9}.Release|Any CPU.Build.0 = Release|Any CPU
	EndGlobalSection
	GlobalSection(SolutionProperties) = preSolution
		HideSolutionNode = FALSE
	EndGlobalSection
	GlobalSection(ExtensibilityGlobals) = postSolution
		EnterpriseLibraryConfigurationToolBinariesPath = packages\Unity.2.1.505.0\lib\NET35;packages\Unity.Interception.2.1.505.0\lib\NET35
	EndGlobalSection
EndGlobal
